
Microsoft Visual Studio Solution File, Format Version 12.00
# Visual Studio Version 16
VisualStudioVersion = 16.0.31702.278
MinimumVisualStudioVersion = 10.0.40219.1
Project("{9A19103F-16F7-4668-BE54-9A1E7A4F7556}") = "DevEduHomeWork", "EntryPoint\DevEduHomeWork.csproj", "{1677CB5A-A06D-4F36-8D45-CF2171C6478F}"
	ProjectSection(ProjectDependencies) = postProject
		{3E3FBC38-E37D-47CD-ABCB-D261A2BC3A2D} = {3E3FBC38-E37D-47CD-ABCB-D261A2BC3A2D}
		{372135E9-FC02-46D3-A071-EEF2070181C8} = {372135E9-FC02-46D3-A071-EEF2070181C8}
	EndProjectSection
EndProject
Project("{9A19103F-16F7-4668-BE54-9A1E7A4F7556}") = "Homework_1", "Homework_1\Homework_1.csproj", "{3E3FBC38-E37D-47CD-ABCB-D261A2BC3A2D}"
	ProjectSection(ProjectDependencies) = postProject
		{372135E9-FC02-46D3-A071-EEF2070181C8} = {372135E9-FC02-46D3-A071-EEF2070181C8}
	EndProjectSection
EndProject
Project("{9A19103F-16F7-4668-BE54-9A1E7A4F7556}") = "HelpersList", "Helpers\HelpersList.csproj", "{372135E9-FC02-46D3-A071-EEF2070181C8}"
EndProject
Project("{9A19103F-16F7-4668-BE54-9A1E7A4F7556}") = "Homework_2", "Homework_2\Homework_2.csproj", "{C8A8D297-C814-49B8-8DC9-0704FB121BB8}"
EndProject
Project("{9A19103F-16F7-4668-BE54-9A1E7A4F7556}") = "Homework_3", "Homework_3\Homework_3.csproj", "{8404D648-E1D4-4A57-BF35-F185EDCCF27E}"
EndProject
Project("{9A19103F-16F7-4668-BE54-9A1E7A4F7556}") = "Homework_4", "Homework_4\Homework_4.csproj", "{80757103-018B-45E9-9487-969F57BE3B30}"
EndProject
Project("{9A19103F-16F7-4668-BE54-9A1E7A4F7556}") = "Homework_5", "Homework_5\Homework_5.csproj", "{C492CAAD-18FD-4165-A9EA-59DE4F014E72}"
EndProject
Project("{9A19103F-16F7-4668-BE54-9A1E7A4F7556}") = "Homework_1.Tests", "Homework_1.Tests\Homework_1.Tests.csproj", "{0356D745-746A-4F90-B1BE-DDA12A736930}"
EndProject
Project("{9A19103F-16F7-4668-BE54-9A1E7A4F7556}") = "Homework_2.Tests", "Homework_2.Tests\Homework_2.Tests.csproj", "{CCAE7172-76E1-4D48-8E14-396A709077CD}"
EndProject
Project("{9A19103F-16F7-4668-BE54-9A1E7A4F7556}") = "Homework_3.Tests", "Homework_3.Tests\Homework_3.Tests.csproj", "{FC0DB20F-4785-4EC2-9122-42C1A117CF03}"
EndProject
Project("{FAE04EC0-301F-11D3-BF4B-00C04F79EFBC}") = "Homework_4.Tests", "Homework_4.Tests\Homework_4.Tests.csproj", "{75EAE267-864E-4196-84D8-F391406ECFEC}"
EndProject
Project("{FAE04EC0-301F-11D3-BF4B-00C04F79EFBC}") = "Homework_5.Tests", "Homework_5.Tests\Homework_5.Tests.csproj", "{B97A455D-2DCC-4A0B-96A7-76CE1D3D11C9}"
EndProject
Global
	GlobalSection(SolutionConfigurationPlatforms) = preSolution
		Debug|Any CPU = Debug|Any CPU
		Release|Any CPU = Release|Any CPU
	EndGlobalSection
	GlobalSection(ProjectConfigurationPlatforms) = postSolution
		{1677CB5A-A06D-4F36-8D45-CF2171C6478F}.Debug|Any CPU.ActiveCfg = Debug|Any CPU
		{1677CB5A-A06D-4F36-8D45-CF2171C6478F}.Debug|Any CPU.Build.0 = Debug|Any CPU
		{1677CB5A-A06D-4F36-8D45-CF2171C6478F}.Release|Any CPU.ActiveCfg = Release|Any CPU
		{1677CB5A-A06D-4F36-8D45-CF2171C6478F}.Release|Any CPU.Build.0 = Release|Any CPU
		{3E3FBC38-E37D-47CD-ABCB-D261A2BC3A2D}.Debug|Any CPU.ActiveCfg = Debug|Any CPU
		{3E3FBC38-E37D-47CD-ABCB-D261A2BC3A2D}.Debug|Any CPU.Build.0 = Debug|Any CPU
		{3E3FBC38-E37D-47CD-ABCB-D261A2BC3A2D}.Release|Any CPU.ActiveCfg = Release|Any CPU
		{3E3FBC38-E37D-47CD-ABCB-D261A2BC3A2D}.Release|Any CPU.Build.0 = Release|Any CPU
		{372135E9-FC02-46D3-A071-EEF2070181C8}.Debug|Any CPU.ActiveCfg = Debug|Any CPU
		{372135E9-FC02-46D3-A071-EEF2070181C8}.Debug|Any CPU.Build.0 = Debug|Any CPU
		{372135E9-FC02-46D3-A071-EEF2070181C8}.Release|Any CPU.ActiveCfg = Release|Any CPU
		{372135E9-FC02-46D3-A071-EEF2070181C8}.Release|Any CPU.Build.0 = Release|Any CPU
		{C8A8D297-C814-49B8-8DC9-0704FB121BB8}.Debug|Any CPU.ActiveCfg = Debug|Any CPU
		{C8A8D297-C814-49B8-8DC9-0704FB121BB8}.Debug|Any CPU.Build.0 = Debug|Any CPU
		{C8A8D297-C814-49B8-8DC9-0704FB121BB8}.Release|Any CPU.ActiveCfg = Release|Any CPU
		{C8A8D297-C814-49B8-8DC9-0704FB121BB8}.Release|Any CPU.Build.0 = Release|Any CPU
		{8404D648-E1D4-4A57-BF35-F185EDCCF27E}.Debug|Any CPU.ActiveCfg = Debug|Any CPU
		{8404D648-E1D4-4A57-BF35-F185EDCCF27E}.Debug|Any CPU.Build.0 = Debug|Any CPU
		{8404D648-E1D4-4A57-BF35-F185EDCCF27E}.Release|Any CPU.ActiveCfg = Release|Any CPU
		{8404D648-E1D4-4A57-BF35-F185EDCCF27E}.Release|Any CPU.Build.0 = Release|Any CPU
		{80757103-018B-45E9-9487-969F57BE3B30}.Debug|Any CPU.ActiveCfg = Debug|Any CPU
		{80757103-018B-45E9-9487-969F57BE3B30}.Debug|Any CPU.Build.0 = Debug|Any CPU
		{80757103-018B-45E9-9487-969F57BE3B30}.Release|Any CPU.ActiveCfg = Release|Any CPU
		{80757103-018B-45E9-9487-969F57BE3B30}.Release|Any CPU.Build.0 = Release|Any CPU
		{C492CAAD-18FD-4165-A9EA-59DE4F014E72}.Debug|Any CPU.ActiveCfg = Debug|Any CPU
		{C492CAAD-18FD-4165-A9EA-59DE4F014E72}.Debug|Any CPU.Build.0 = Debug|Any CPU
		{C492CAAD-18FD-4165-A9EA-59DE4F014E72}.Release|Any CPU.ActiveCfg = Release|Any CPU
		{C492CAAD-18FD-4165-A9EA-59DE4F014E72}.Release|Any CPU.Build.0 = Release|Any CPU
		{0356D745-746A-4F90-B1BE-DDA12A736930}.Debug|Any CPU.ActiveCfg = Debug|Any CPU
		{0356D745-746A-4F90-B1BE-DDA12A736930}.Debug|Any CPU.Build.0 = Debug|Any CPU
		{0356D745-746A-4F90-B1BE-DDA12A736930}.Release|Any CPU.ActiveCfg = Release|Any CPU
		{0356D745-746A-4F90-B1BE-DDA12A736930}.Release|Any CPU.Build.0 = Release|Any CPU
		{CCAE7172-76E1-4D48-8E14-396A709077CD}.Debug|Any CPU.ActiveCfg = Debug|Any CPU
		{CCAE7172-76E1-4D48-8E14-396A709077CD}.Debug|Any CPU.Build.0 = Debug|Any CPU
		{CCAE7172-76E1-4D48-8E14-396A709077CD}.Release|Any CPU.ActiveCfg = Release|Any CPU
		{CCAE7172-76E1-4D48-8E14-396A709077CD}.Release|Any CPU.Build.0 = Release|Any CPU
		{FC0DB20F-4785-4EC2-9122-42C1A117CF03}.Debug|Any CPU.ActiveCfg = Debug|Any CPU
		{FC0DB20F-4785-4EC2-9122-42C1A117CF03}.Debug|Any CPU.Build.0 = Debug|Any CPU
		{FC0DB20F-4785-4EC2-9122-42C1A117CF03}.Release|Any CPU.ActiveCfg = Release|Any CPU
		{FC0DB20F-4785-4EC2-9122-42C1A117CF03}.Release|Any CPU.Build.0 = Release|Any CPU
		{75EAE267-864E-4196-84D8-F391406ECFEC}.Debug|Any CPU.ActiveCfg = Debug|Any CPU
		{75EAE267-864E-4196-84D8-F391406ECFEC}.Debug|Any CPU.Build.0 = Debug|Any CPU
		{75EAE267-864E-4196-84D8-F391406ECFEC}.Release|Any CPU.ActiveCfg = Release|Any CPU
		{75EAE267-864E-4196-84D8-F391406ECFEC}.Release|Any CPU.Build.0 = Release|Any CPU
		{B97A455D-2DCC-4A0B-96A7-76CE1D3D11C9}.Debug|Any CPU.ActiveCfg = Debug|Any CPU
		{B97A455D-2DCC-4A0B-96A7-76CE1D3D11C9}.Debug|Any CPU.Build.0 = Debug|Any CPU
		{B97A455D-2DCC-4A0B-96A7-76CE1D3D11C9}.Release|Any CPU.ActiveCfg = Release|Any CPU
		{B97A455D-2DCC-4A0B-96A7-76CE1D3D11C9}.Release|Any CPU.Build.0 = Release|Any CPU
	EndGlobalSection
	GlobalSection(SolutionProperties) = preSolution
		HideSolutionNode = FALSE
	EndGlobalSection
	GlobalSection(ExtensibilityGlobals) = postSolution
		SolutionGuid = {658D5782-35CB-45BA-9EB0-6121D5347DBB}
	EndGlobalSection
EndGlobal
